
Microsoft Visual Studio Solution File, Format Version 12.00
# Visual Studio Version 17
VisualStudioVersion = 17.3.32825.248
MinimumVisualStudioVersion = 10.0.40219.1
Project("{9A19103F-16F7-4668-BE54-9A1E7A4F7556}") = "Map-Generator-CSharp", "Map-Generator-CSharp.csproj", "{BEA09E68-B7C4-4E63-9F73-6F52B25DB2C1}"
EndProject
Global
	GlobalSection(SolutionConfigurationPlatforms) = preSolution
		Debug|Any CPU = Debug|Any CPU
		Release|Any CPU = Release|Any CPU
	EndGlobalSection
	GlobalSection(ProjectConfigurationPlatforms) = postSolution
		{BEA09E68-B7C4-4E63-9F73-6F52B25DB2C1}.Debug|Any CPU.ActiveCfg = Debug|Any CPU
		{BEA09E68-B7C4-4E63-9F73-6F52B25DB2C1}.Debug|Any CPU.Build.0 = Debug|Any CPU
		{BEA09E68-B7C4-4E63-9F73-6F52B25DB2C1}.Release|Any CPU.ActiveCfg = Release|Any CPU
		{BEA09E68-B7C4-4E63-9F73-6F52B25DB2C1}.Release|Any CPU.Build.0 = Release|Any CPU
	EndGlobalSection
	GlobalSection(SolutionProperties) = preSolution
		HideSolutionNode = FALSE
	EndGlobalSection
	GlobalSection(ExtensibilityGlobals) = postSolution
		SolutionGuid = {A6FAD1FC-9F4C-4103-9876-91C63FBC7333}
	EndGlobalSection
EndGlobal
